
Microsoft Visual Studio Solution File, Format Version 11.00
# Visual Studio 2010
Project("{8BC9CEB8-8B4A-11D0-8D11-00A0C91BC942}") = "Упражнение 7.6", "Упражнение 7.6\Упражнение 7.6.vcxproj", "{E8973838-4DC2-4635-B840-2072E08704B9}"
EndProject
Global
	GlobalSection(SolutionConfigurationPlatforms) = preSolution
		Debug|Win32 = Debug|Win32
		Release|Win32 = Release|Win32
	EndGlobalSection
	GlobalSection(ProjectConfigurationPlatforms) = postSolution
		{E8973838-4DC2-4635-B840-2072E08704B9}.Debug|Win32.ActiveCfg = Debug|Win32
		{E8973838-4DC2-4635-B840-2072E08704B9}.Debug|Win32.Build.0 = Debug|Win32
		{E8973838-4DC2-4635-B840-2072E08704B9}.Release|Win32.ActiveCfg = Release|Win32
		{E8973838-4DC2-4635-B840-2072E08704B9}.Release|Win32.Build.0 = Release|Win32
	EndGlobalSection
	GlobalSection(SolutionProperties) = preSolution
		HideSolutionNode = FALSE
	EndGlobalSection
EndGlobal
