
Microsoft Visual Studio Solution File, Format Version 11.00
# Visual Studio 2010
Project("{8BC9CEB8-8B4A-11D0-8D11-00A0C91BC942}") = "Упражнение 7.5", "Упражнение 7.5\Упражнение 7.5.vcxproj", "{ED4003CF-2109-4A89-89A0-C30627F2DF05}"
EndProject
Global
	GlobalSection(SolutionConfigurationPlatforms) = preSolution
		Debug|Win32 = Debug|Win32
		Release|Win32 = Release|Win32
	EndGlobalSection
	GlobalSection(ProjectConfigurationPlatforms) = postSolution
		{ED4003CF-2109-4A89-89A0-C30627F2DF05}.Debug|Win32.ActiveCfg = Debug|Win32
		{ED4003CF-2109-4A89-89A0-C30627F2DF05}.Debug|Win32.Build.0 = Debug|Win32
		{ED4003CF-2109-4A89-89A0-C30627F2DF05}.Release|Win32.ActiveCfg = Release|Win32
		{ED4003CF-2109-4A89-89A0-C30627F2DF05}.Release|Win32.Build.0 = Release|Win32
	EndGlobalSection
	GlobalSection(SolutionProperties) = preSolution
		HideSolutionNode = FALSE
	EndGlobalSection
EndGlobal
